
Microsoft Visual Studio Solution File, Format Version 12.00
# Visual Studio 15
VisualStudioVersion = 15.0.28307.757
MinimumVisualStudioVersion = 10.0.40219.1
Project("{2150E333-8FDC-42A3-9474-1A3956D46DE8}") = "src", "src", "{F42F9DFB-BD06-45A0-978A-E7272A634389}"
EndProject
Project("{9A19103F-16F7-4668-BE54-9A1E7A4F7556}") = "RabbitMQListner", "src\RabbitMQListner\RabbitMQListner.csproj", "{6A4DBDD4-7415-4A27-BAC3-9CEB65696C90}"
EndProject
Project("{9A19103F-16F7-4668-BE54-9A1E7A4F7556}") = "RabbitMQSender", "src\RabbitMQSender\RabbitMQSender.csproj", "{42AB0D78-C6D6-4199-B4F9-87757D7ED00C}"
EndProject
Project("{FAE04EC0-301F-11D3-BF4B-00C04F79EFBC}") = "Messages", "src\Messages\Messages.csproj", "{E491C7DC-5104-46EE-AED0-C20AB2DC6646}"
EndProject
Project("{E53339B2-1760-4266-BCC7-CA923CBCF16C}") = "docker-compose", "docker-compose.dcproj", "{2773A175-6CAB-41B4-874A-BC2398CFCDD8}"
EndProject
Global
	GlobalSection(SolutionConfigurationPlatforms) = preSolution
		Debug|Any CPU = Debug|Any CPU
		Release|Any CPU = Release|Any CPU
	EndGlobalSection
	GlobalSection(ProjectConfigurationPlatforms) = postSolution
		{6A4DBDD4-7415-4A27-BAC3-9CEB65696C90}.Debug|Any CPU.ActiveCfg = Debug|Any CPU
		{6A4DBDD4-7415-4A27-BAC3-9CEB65696C90}.Debug|Any CPU.Build.0 = Debug|Any CPU
		{6A4DBDD4-7415-4A27-BAC3-9CEB65696C90}.Release|Any CPU.ActiveCfg = Release|Any CPU
		{6A4DBDD4-7415-4A27-BAC3-9CEB65696C90}.Release|Any CPU.Build.0 = Release|Any CPU
		{42AB0D78-C6D6-4199-B4F9-87757D7ED00C}.Debug|Any CPU.ActiveCfg = Debug|Any CPU
		{42AB0D78-C6D6-4199-B4F9-87757D7ED00C}.Debug|Any CPU.Build.0 = Debug|Any CPU
		{42AB0D78-C6D6-4199-B4F9-87757D7ED00C}.Release|Any CPU.ActiveCfg = Release|Any CPU
		{42AB0D78-C6D6-4199-B4F9-87757D7ED00C}.Release|Any CPU.Build.0 = Release|Any CPU
		{E491C7DC-5104-46EE-AED0-C20AB2DC6646}.Debug|Any CPU.ActiveCfg = Debug|Any CPU
		{E491C7DC-5104-46EE-AED0-C20AB2DC6646}.Debug|Any CPU.Build.0 = Debug|Any CPU
		{E491C7DC-5104-46EE-AED0-C20AB2DC6646}.Release|Any CPU.ActiveCfg = Release|Any CPU
		{E491C7DC-5104-46EE-AED0-C20AB2DC6646}.Release|Any CPU.Build.0 = Release|Any CPU
		{2773A175-6CAB-41B4-874A-BC2398CFCDD8}.Debug|Any CPU.ActiveCfg = Debug|Any CPU
		{2773A175-6CAB-41B4-874A-BC2398CFCDD8}.Debug|Any CPU.Build.0 = Debug|Any CPU
		{2773A175-6CAB-41B4-874A-BC2398CFCDD8}.Release|Any CPU.ActiveCfg = Release|Any CPU
		{2773A175-6CAB-41B4-874A-BC2398CFCDD8}.Release|Any CPU.Build.0 = Release|Any CPU
	EndGlobalSection
	GlobalSection(SolutionProperties) = preSolution
		HideSolutionNode = FALSE
	EndGlobalSection
	GlobalSection(NestedProjects) = preSolution
		{6A4DBDD4-7415-4A27-BAC3-9CEB65696C90} = {F42F9DFB-BD06-45A0-978A-E7272A634389}
		{42AB0D78-C6D6-4199-B4F9-87757D7ED00C} = {F42F9DFB-BD06-45A0-978A-E7272A634389}
		{E491C7DC-5104-46EE-AED0-C20AB2DC6646} = {F42F9DFB-BD06-45A0-978A-E7272A634389}
	EndGlobalSection
	GlobalSection(ExtensibilityGlobals) = postSolution
		SolutionGuid = {F9A0C7EB-D16D-4290-AC57-42AE07337C68}
	EndGlobalSection
EndGlobal
